
Microsoft Visual Studio Solution File, Format Version 12.00
# Visual Studio 15
VisualStudioVersion = 15.0.28010.2016
MinimumVisualStudioVersion = 10.0.40219.1
Project("{FAE04EC0-301F-11D3-BF4B-00C04F79EFBC}") = "ShibaStoreService", "ShibaStoreService\ShibaStoreService.csproj", "{834C9657-439A-4BA6-BD8E-23EB8D03CCC0}"
EndProject
Global
	GlobalSection(SolutionConfigurationPlatforms) = preSolution
		Debug|Any CPU = Debug|Any CPU
		Release|Any CPU = Release|Any CPU
	EndGlobalSection
	GlobalSection(ProjectConfigurationPlatforms) = postSolution
		{834C9657-439A-4BA6-BD8E-23EB8D03CCC0}.Debug|Any CPU.ActiveCfg = Debug|Any CPU
		{834C9657-439A-4BA6-BD8E-23EB8D03CCC0}.Debug|Any CPU.Build.0 = Debug|Any CPU
		{834C9657-439A-4BA6-BD8E-23EB8D03CCC0}.Release|Any CPU.ActiveCfg = Release|Any CPU
		{834C9657-439A-4BA6-BD8E-23EB8D03CCC0}.Release|Any CPU.Build.0 = Release|Any CPU
	EndGlobalSection
	GlobalSection(SolutionProperties) = preSolution
		HideSolutionNode = FALSE
	EndGlobalSection
	GlobalSection(ExtensibilityGlobals) = postSolution
		SolutionGuid = {34E6A58C-1BD9-4205-BF9F-1D2E5DA9FE80}
	EndGlobalSection
EndGlobal
